
Microsoft Visual Studio Solution File, Format Version 12.00
# Visual Studio Version 17
VisualStudioVersion = 17.11.35327.3
MinimumVisualStudioVersion = 10.0.40219.1
Project("{FAE04EC0-301F-11D3-BF4B-00C04F79EFBC}") = "QuickPlanr", "QuickPlanr\QuickPlanr.csproj", "{2DA9D3F6-0BBA-422D-8490-2333AA50ED64}"
EndProject
Global
	GlobalSection(SolutionConfigurationPlatforms) = preSolution
		Debug|Any CPU = Debug|Any CPU
		Release|Any CPU = Release|Any CPU
	EndGlobalSection
	GlobalSection(ProjectConfigurationPlatforms) = postSolution
		{2DA9D3F6-0BBA-422D-8490-2333AA50ED64}.Debug|Any CPU.ActiveCfg = Debug|Any CPU
		{2DA9D3F6-0BBA-422D-8490-2333AA50ED64}.Debug|Any CPU.Build.0 = Debug|Any CPU
		{2DA9D3F6-0BBA-422D-8490-2333AA50ED64}.Release|Any CPU.ActiveCfg = Release|Any CPU
		{2DA9D3F6-0BBA-422D-8490-2333AA50ED64}.Release|Any CPU.Build.0 = Release|Any CPU
	EndGlobalSection
	GlobalSection(SolutionProperties) = preSolution
		HideSolutionNode = FALSE
	EndGlobalSection
	GlobalSection(ExtensibilityGlobals) = postSolution
		SolutionGuid = {178BE38B-B30C-4B05-B05B-6EB6F5A607ED}
	EndGlobalSection
EndGlobal
